{
  "name": "@paramagic/core",
  "version": "0.1.0",
  "lockfileVersion": 3,
  "requires": true,
  "packages": {
    "": {
      "name": "@paramagic/core",
      "version": "0.1.0",
      "dependencies": {
        "@techstark/opencv-js": "5.0.0-release.1",
        "xlsx": "file:vendor/xlsx-0.20.3.tgz"
      }
    },
    "node_modules/@techstark/opencv-js": {
      "version": "5.0.0-release.1",
      "resolved": "https://registry.npmjs.org/@techstark/opencv-js/-/opencv-js-5.0.0-release.1.tgz",
      "integrity": "sha512-PIm+eB0MFtieXoNC2GRao0dv/02sehG+Nv2nSW5D6pQm6J/4WqvDHm0RyoqOmGYQm67jdGiaOdIeTShCY3PIUg==",
      "license": "Apache-2.0"
    },
    "node_modules/xlsx": {
      "version": "0.20.3",
      "resolved": "file:vendor/xlsx-0.20.3.tgz",
      "integrity": "sha512-oLDq3jw7AcLqKWH2AhCpVTZl8mf6X2YReP+Neh0SJUzV/BdZYjth94tG5toiMB1PPrYtxOCfaoUCkvtuH+3AJA==",
      "license": "Apache-2.0",
      "bin": {
        "xlsx": "bin/xlsx.njs"
      },
      "engines": {
        "node": ">=0.8"
      }
    }
  }
}
